
Microsoft Visual Studio Solution File, Format Version 12.00
# Visual Studio Version 16
VisualStudioVersion = 16.0.31424.327
MinimumVisualStudioVersion = 10.0.40219.1
Project("{FAE04EC0-301F-11D3-BF4B-00C04F79EFBC}") = "SpecFlowProjectAllure", "SpecFlowProjectAllure\SpecFlowProjectAllure.csproj", "{40601613-5D27-4C83-A523-4685F12CBC1E}"
EndProject
Global
	GlobalSection(SolutionConfigurationPlatforms) = preSolution
		Debug|Any CPU = Debug|Any CPU
		Release|Any CPU = Release|Any CPU
	EndGlobalSection
	GlobalSection(ProjectConfigurationPlatforms) = postSolution
		{40601613-5D27-4C83-A523-4685F12CBC1E}.Debug|Any CPU.ActiveCfg = Debug|Any CPU
		{40601613-5D27-4C83-A523-4685F12CBC1E}.Debug|Any CPU.Build.0 = Debug|Any CPU
		{40601613-5D27-4C83-A523-4685F12CBC1E}.Release|Any CPU.ActiveCfg = Release|Any CPU
		{40601613-5D27-4C83-A523-4685F12CBC1E}.Release|Any CPU.Build.0 = Release|Any CPU
	EndGlobalSection
	GlobalSection(SolutionProperties) = preSolution
		HideSolutionNode = FALSE
	EndGlobalSection
	GlobalSection(ExtensibilityGlobals) = postSolution
		SolutionGuid = {AEED6611-BA18-4EA3-AA78-8E63DD9483B7}
	EndGlobalSection
EndGlobal
